
Microsoft Visual Studio Solution File, Format Version 12.00
# Visual Studio 15
VisualStudioVersion = 15.0.28307.271
MinimumVisualStudioVersion = 10.0.40219.1
Project("{FAE04EC0-301F-11D3-BF4B-00C04F79EFBC}") = "Assignment_5", "Assignment_5\Assignment_5.csproj", "{51EB3FF0-9D19-4571-BD47-B11879ADE760}"
EndProject
Global
	GlobalSection(SolutionConfigurationPlatforms) = preSolution
		Debug|Any CPU = Debug|Any CPU
		Release|Any CPU = Release|Any CPU
	EndGlobalSection
	GlobalSection(ProjectConfigurationPlatforms) = postSolution
		{51EB3FF0-9D19-4571-BD47-B11879ADE760}.Debug|Any CPU.ActiveCfg = Debug|Any CPU
		{51EB3FF0-9D19-4571-BD47-B11879ADE760}.Debug|Any CPU.Build.0 = Debug|Any CPU
		{51EB3FF0-9D19-4571-BD47-B11879ADE760}.Release|Any CPU.ActiveCfg = Release|Any CPU
		{51EB3FF0-9D19-4571-BD47-B11879ADE760}.Release|Any CPU.Build.0 = Release|Any CPU
	EndGlobalSection
	GlobalSection(SolutionProperties) = preSolution
		HideSolutionNode = FALSE
	EndGlobalSection
	GlobalSection(ExtensibilityGlobals) = postSolution
		SolutionGuid = {91435E42-DCE3-452F-94F2-FE61CCB93DEE}
	EndGlobalSection
EndGlobal
