
Microsoft Visual Studio Solution File, Format Version 12.00
# Visual Studio 15
VisualStudioVersion = 15.0.28307.271
MinimumVisualStudioVersion = 10.0.40219.1
Project("{FAE04EC0-301F-11D3-BF4B-00C04F79EFBC}") = "Assignment2", "Assignment2\Assignment2.csproj", "{43D4A52D-D3D4-4253-B5F3-F3D4B58AFAA9}"
EndProject
Global
	GlobalSection(SolutionConfigurationPlatforms) = preSolution
		Debug|Any CPU = Debug|Any CPU
		Release|Any CPU = Release|Any CPU
	EndGlobalSection
	GlobalSection(ProjectConfigurationPlatforms) = postSolution
		{43D4A52D-D3D4-4253-B5F3-F3D4B58AFAA9}.Debug|Any CPU.ActiveCfg = Debug|Any CPU
		{43D4A52D-D3D4-4253-B5F3-F3D4B58AFAA9}.Debug|Any CPU.Build.0 = Debug|Any CPU
		{43D4A52D-D3D4-4253-B5F3-F3D4B58AFAA9}.Release|Any CPU.ActiveCfg = Release|Any CPU
		{43D4A52D-D3D4-4253-B5F3-F3D4B58AFAA9}.Release|Any CPU.Build.0 = Release|Any CPU
	EndGlobalSection
	GlobalSection(SolutionProperties) = preSolution
		HideSolutionNode = FALSE
	EndGlobalSection
	GlobalSection(ExtensibilityGlobals) = postSolution
		SolutionGuid = {B6BA1905-FBD8-4ADD-84F0-45303C9E5439}
	EndGlobalSection
EndGlobal
