
Microsoft Visual Studio Solution File, Format Version 12.00
# Visual Studio 15
VisualStudioVersion = 15.0.28307.271
MinimumVisualStudioVersion = 10.0.40219.1
Project("{FAE04EC0-301F-11D3-BF4B-00C04F79EFBC}") = "Lab2_3", "Lab2_3\Lab2_3.csproj", "{C53C4E0E-B642-4A10-9224-E586518C552C}"
EndProject
Global
	GlobalSection(SolutionConfigurationPlatforms) = preSolution
		Debug|Any CPU = Debug|Any CPU
		Release|Any CPU = Release|Any CPU
	EndGlobalSection
	GlobalSection(ProjectConfigurationPlatforms) = postSolution
		{C53C4E0E-B642-4A10-9224-E586518C552C}.Debug|Any CPU.ActiveCfg = Debug|Any CPU
		{C53C4E0E-B642-4A10-9224-E586518C552C}.Debug|Any CPU.Build.0 = Debug|Any CPU
		{C53C4E0E-B642-4A10-9224-E586518C552C}.Release|Any CPU.ActiveCfg = Release|Any CPU
		{C53C4E0E-B642-4A10-9224-E586518C552C}.Release|Any CPU.Build.0 = Release|Any CPU
	EndGlobalSection
	GlobalSection(SolutionProperties) = preSolution
		HideSolutionNode = FALSE
	EndGlobalSection
	GlobalSection(ExtensibilityGlobals) = postSolution
		SolutionGuid = {FBAD56B3-6452-464D-B2D3-8D3A431CB730}
	EndGlobalSection
EndGlobal
